// !$*UTF8*$!
{
	archiveVersion = 1;
	classes = {
	};
	objectVersion = 56;
	objects = {

/* Begin PBXBuildFile section */
		1E2A6EF5296CFE3200B21838 /* Ticker.swift in Sources */ = {isa = PBXBuildFile; fileRef = 1E2A6EF4296CFE3200B21838 /* Ticker.swift */; };
		1E6F84F42A59CFFB00B43C2A /* WindowHelper.swift in Sources */ = {isa = PBXBuildFile; fileRef = 1E6F84F32A59CFFB00B43C2A /* WindowHelper.swift */; };
		1E7C9CFE2D18940300CD776B /* CooldownTimer.swift in Sources */ = {isa = PBXBuildFile; fileRef = 1E7C9CFD2D1893FD00CD776B /* CooldownTimer.swift */; };
		1E88C96F2922EBE700E603EA /* StorageHelper.swift in Sources */ = {isa = PBXBuildFile; fileRef = 1E88C96E2922EBE700E603EA /* StorageHelper.swift */; };
		1E951D172C51832900A7343E /* AppTimers.swift in Sources */ = {isa = PBXBuildFile; fileRef = 1E951D162C51832300A7343E /* AppTimers.swift */; };
		1E9BD80A291DB9F200924734 /* KeyPressHelper.swift in Sources */ = {isa = PBXBuildFile; fileRef = 1E9BD809291DB9F200924734 /* KeyPressHelper.swift */; };
		1E9E403A295D42220093B724 /* GeneralHelper.swift in Sources */ = {isa = PBXBuildFile; fileRef = 1E9E4039295D42220093B724 /* GeneralHelper.swift */; };
		1EB35D73292629BC0031101C /* PowerHelper.swift in Sources */ = {isa = PBXBuildFile; fileRef = 1EB35D72292629BC0031101C /* PowerHelper.swift */; };
		1EE25A32291D2AF100F2A038 /* tickerApp.swift in Sources */ = {isa = PBXBuildFile; fileRef = 1EE25A31291D2AF100F2A038 /* tickerApp.swift */; };
		1EE25A34291D2AF100F2A038 /* TickerView.swift in Sources */ = {isa = PBXBuildFile; fileRef = 1EE25A33291D2AF100F2A038 /* TickerView.swift */; };
		1EE25A36291D2AF200F2A038 /* Assets.xcassets in Resources */ = {isa = PBXBuildFile; fileRef = 1EE25A35291D2AF200F2A038 /* Assets.xcassets */; };
		1EE25A39291D2AF200F2A038 /* Preview Assets.xcassets in Resources */ = {isa = PBXBuildFile; fileRef = 1EE25A38291D2AF200F2A038 /* Preview Assets.xcassets */; };
		1EE25A42291D2BBA00F2A038 /* HotKey in Frameworks */ = {isa = PBXBuildFile; productRef = 1EE25A41291D2BBA00F2A038 /* HotKey */; };
		1EF1D5502D3042B60099D972 /* GoogleService-Info.plist in Resources */ = {isa = PBXBuildFile; fileRef = 1EF1D54F2D3042B60099D972 /* GoogleService-Info.plist */; };
		1EF1D5532D3043E10099D972 /* FirebaseAuth in Frameworks */ = {isa = PBXBuildFile; productRef = 1EF1D5522D3043E10099D972 /* FirebaseAuth */; };
		1EF1D5552D3043E10099D972 /* FirebaseCore in Frameworks */ = {isa = PBXBuildFile; productRef = 1EF1D5542D3043E10099D972 /* FirebaseCore */; };
		1EF1D5572D3043E10099D972 /* FirebaseDatabase in Frameworks */ = {isa = PBXBuildFile; productRef = 1EF1D5562D3043E10099D972 /* FirebaseDatabase */; };
/* End PBXBuildFile section */

/* Begin PBXFileReference section */
		1E2A6EF4296CFE3200B21838 /* Ticker.swift */ = {isa = PBXFileReference; lastKnownFileType = sourcecode.swift; path = Ticker.swift; sourceTree = "<group>"; };
		1E6F84F22A59C52A00B43C2A /* Info.plist */ = {isa = PBXFileReference; lastKnownFileType = text.plist; path = Info.plist; sourceTree = "<group>"; };
		1E6F84F32A59CFFB00B43C2A /* WindowHelper.swift */ = {isa = PBXFileReference; lastKnownFileType = sourcecode.swift; path = WindowHelper.swift; sourceTree = "<group>"; };
		1E7C9CFD2D1893FD00CD776B /* CooldownTimer.swift */ = {isa = PBXFileReference; lastKnownFileType = sourcecode.swift; path = CooldownTimer.swift; sourceTree = "<group>"; };
		1E88C96E2922EBE700E603EA /* StorageHelper.swift */ = {isa = PBXFileReference; lastKnownFileType = sourcecode.swift; path = StorageHelper.swift; sourceTree = "<group>"; };
		1E951D162C51832300A7343E /* AppTimers.swift */ = {isa = PBXFileReference; lastKnownFileType = sourcecode.swift; path = AppTimers.swift; sourceTree = "<group>"; };
		1E9BD809291DB9F200924734 /* KeyPressHelper.swift */ = {isa = PBXFileReference; lastKnownFileType = sourcecode.swift; path = KeyPressHelper.swift; sourceTree = "<group>"; };
		1E9E4039295D42220093B724 /* GeneralHelper.swift */ = {isa = PBXFileReference; lastKnownFileType = sourcecode.swift; path = GeneralHelper.swift; sourceTree = "<group>"; };
		1EB35D72292629BC0031101C /* PowerHelper.swift */ = {isa = PBXFileReference; lastKnownFileType = sourcecode.swift; path = PowerHelper.swift; sourceTree = "<group>"; };
		1EE25A2E291D2AF100F2A038 /* ticker.app */ = {isa = PBXFileReference; explicitFileType = wrapper.application; includeInIndex = 0; path = ticker.app; sourceTree = BUILT_PRODUCTS_DIR; };
		1EE25A31291D2AF100F2A038 /* tickerApp.swift */ = {isa = PBXFileReference; lastKnownFileType = sourcecode.swift; path = tickerApp.swift; sourceTree = "<group>"; };
		1EE25A33291D2AF100F2A038 /* TickerView.swift */ = {isa = PBXFileReference; lastKnownFileType = sourcecode.swift; path = TickerView.swift; sourceTree = "<group>"; };
		1EE25A35291D2AF200F2A038 /* Assets.xcassets */ = {isa = PBXFileReference; lastKnownFileType = folder.assetcatalog; path = Assets.xcassets; sourceTree = "<group>"; };
		1EE25A38291D2AF200F2A038 /* Preview Assets.xcassets */ = {isa = PBXFileReference; lastKnownFileType = folder.assetcatalog; path = "Preview Assets.xcassets"; sourceTree = "<group>"; };
		1EE25A3A291D2AF200F2A038 /* ticker.entitlements */ = {isa = PBXFileReference; lastKnownFileType = text.plist.entitlements; path = ticker.entitlements; sourceTree = "<group>"; };
		1EF1D54F2D3042B60099D972 /* GoogleService-Info.plist */ = {isa = PBXFileReference; lastKnownFileType = text.plist.xml; path = "GoogleService-Info.plist"; sourceTree = "<group>"; };
/* End PBXFileReference section */

/* Begin PBXFrameworksBuildPhase section */
		1EE25A2B291D2AF100F2A038 /* Frameworks */ = {
			isa = PBXFrameworksBuildPhase;
			buildActionMask = 2147483647;
			files = (
				1EE25A42291D2BBA00F2A038 /* HotKey in Frameworks */,
				1EF1D5552D3043E10099D972 /* FirebaseCore in Frameworks */,
				1EF1D5572D3043E10099D972 /* FirebaseDatabase in Frameworks */,
				1EF1D5532D3043E10099D972 /* FirebaseAuth in Frameworks */,
			);
			runOnlyForDeploymentPostprocessing = 0;
		};
/* End PBXFrameworksBuildPhase section */

/* Begin PBXGroup section */
		1EE25A25291D2AF100F2A038 = {
			isa = PBXGroup;
			children = (
				1EE25A30291D2AF100F2A038 /* ticker */,
				1EE25A2F291D2AF100F2A038 /* Products */,
			);
			sourceTree = "<group>";
		};
		1EE25A2F291D2AF100F2A038 /* Products */ = {
			isa = PBXGroup;
			children = (
				1EE25A2E291D2AF100F2A038 /* ticker.app */,
			);
			name = Products;
			sourceTree = "<group>";
		};
		1EE25A30291D2AF100F2A038 /* ticker */ = {
			isa = PBXGroup;
			children = (
				1E6F84F22A59C52A00B43C2A /* Info.plist */,
				1EE25A31291D2AF100F2A038 /* tickerApp.swift */,
				1E951D162C51832300A7343E /* AppTimers.swift */,
				1EB35D72292629BC0031101C /* PowerHelper.swift */,
				1E88C96E2922EBE700E603EA /* StorageHelper.swift */,
				1E6F84F32A59CFFB00B43C2A /* WindowHelper.swift */,
				1EE25A33291D2AF100F2A038 /* TickerView.swift */,
				1E2A6EF4296CFE3200B21838 /* Ticker.swift */,
				1E7C9CFD2D1893FD00CD776B /* CooldownTimer.swift */,
				1E9E4039295D42220093B724 /* GeneralHelper.swift */,
				1E9BD809291DB9F200924734 /* KeyPressHelper.swift */,
				1EE25A35291D2AF200F2A038 /* Assets.xcassets */,
				1EE25A3A291D2AF200F2A038 /* ticker.entitlements */,
				1EE25A37291D2AF200F2A038 /* Preview Content */,
				1EF1D54F2D3042B60099D972 /* GoogleService-Info.plist */,
			);
			path = ticker;
			sourceTree = "<group>";
		};
		1EE25A37291D2AF200F2A038 /* Preview Content */ = {
			isa = PBXGroup;
			children = (
				1EE25A38291D2AF200F2A038 /* Preview Assets.xcassets */,
			);
			path = "Preview Content";
			sourceTree = "<group>";
		};
/* End PBXGroup section */

/* Begin PBXNativeTarget section */
		1EE25A2D291D2AF100F2A038 /* ticker */ = {
			isa = PBXNativeTarget;
			buildConfigurationList = 1EE25A3D291D2AF200F2A038 /* Build configuration list for PBXNativeTarget "ticker" */;
			buildPhases = (
				1EE25A2A291D2AF100F2A038 /* Sources */,
				1EE25A2B291D2AF100F2A038 /* Frameworks */,
				1EE25A2C291D2AF100F2A038 /* Resources */,
			);
			buildRules = (
			);
			dependencies = (
			);
			name = ticker;
			packageProductDependencies = (
				1EE25A41291D2BBA00F2A038 /* HotKey */,
				1EF1D5522D3043E10099D972 /* FirebaseAuth */,
				1EF1D5542D3043E10099D972 /* FirebaseCore */,
				1EF1D5562D3043E10099D972 /* FirebaseDatabase */,
			);
			productName = ticker;
			productReference = 1EE25A2E291D2AF100F2A038 /* ticker.app */;
			productType = "com.apple.product-type.application";
		};
/* End PBXNativeTarget section */

/* Begin PBXProject section */
		1EE25A26291D2AF100F2A038 /* Project object */ = {
			isa = PBXProject;
			attributes = {
				BuildIndependentTargetsInParallel = 1;
				LastSwiftUpdateCheck = 1410;
				LastUpgradeCheck = 1410;
				TargetAttributes = {
					1EE25A2D291D2AF100F2A038 = {
						CreatedOnToolsVersion = 14.1;
					};
				};
			};
			buildConfigurationList = 1EE25A29291D2AF100F2A038 /* Build configuration list for PBXProject "ticker" */;
			compatibilityVersion = "Xcode 14.0";
			developmentRegion = en;
			hasScannedForEncodings = 0;
			knownRegions = (
				en,
				Base,
			);
			mainGroup = 1EE25A25291D2AF100F2A038;
			packageReferences = (
				1EE25A40291D2BBA00F2A038 /* XCRemoteSwiftPackageReference "HotKey" */,
				1EF1D5512D3043E10099D972 /* XCRemoteSwiftPackageReference "firebase-ios-sdk" */,
			);
			productRefGroup = 1EE25A2F291D2AF100F2A038 /* Products */;
			projectDirPath = "";
			projectRoot = "";
			targets = (
				1EE25A2D291D2AF100F2A038 /* ticker */,
			);
		};
/* End PBXProject section */

/* Begin PBXResourcesBuildPhase section */
		1EE25A2C291D2AF100F2A038 /* Resources */ = {
			isa = PBXResourcesBuildPhase;
			buildActionMask = 2147483647;
			files = (
				1EE25A39291D2AF200F2A038 /* Preview Assets.xcassets in Resources */,
				1EE25A36291D2AF200F2A038 /* Assets.xcassets in Resources */,
				1EF1D5502D3042B60099D972 /* GoogleService-Info.plist in Resources */,
			);
			runOnlyForDeploymentPostprocessing = 0;
		};
/* End PBXResourcesBuildPhase section */

/* Begin PBXSourcesBuildPhase section */
		1EE25A2A291D2AF100F2A038 /* Sources */ = {
			isa = PBXSourcesBuildPhase;
			buildActionMask = 2147483647;
			files = (
				1E9BD80A291DB9F200924734 /* KeyPressHelper.swift in Sources */,
				1EE25A34291D2AF100F2A038 /* TickerView.swift in Sources */,
				1E2A6EF5296CFE3200B21838 /* Ticker.swift in Sources */,
				1E7C9CFE2D18940300CD776B /* CooldownTimer.swift in Sources */,
				1E9E403A295D42220093B724 /* GeneralHelper.swift in Sources */,
				1E951D172C51832900A7343E /* AppTimers.swift in Sources */,
				1EE25A32291D2AF100F2A038 /* tickerApp.swift in Sources */,
				1E6F84F42A59CFFB00B43C2A /* WindowHelper.swift in Sources */,
				1E88C96F2922EBE700E603EA /* StorageHelper.swift in Sources */,
				1EB35D73292629BC0031101C /* PowerHelper.swift in Sources */,
			);
			runOnlyForDeploymentPostprocessing = 0;
		};
/* End PBXSourcesBuildPhase section */

/* Begin XCBuildConfiguration section */
		1EE25A3B291D2AF200F2A038 /* Debug */ = {
			isa = XCBuildConfiguration;
			buildSettings = {
				ALWAYS_SEARCH_USER_PATHS = NO;
				CLANG_ANALYZER_NONNULL = YES;
				CLANG_ANALYZER_NUMBER_OBJECT_CONVERSION = YES_AGGRESSIVE;
				CLANG_CXX_LANGUAGE_STANDARD = "gnu++20";
				CLANG_ENABLE_MODULES = YES;
				CLANG_ENABLE_OBJC_ARC = YES;
				CLANG_ENABLE_OBJC_WEAK = YES;
				CLANG_WARN_BLOCK_CAPTURE_AUTORELEASING = YES;
				CLANG_WARN_BOOL_CONVERSION = YES;
				CLANG_WARN_COMMA = YES;
				CLANG_WARN_CONSTANT_CONVERSION = YES;
				CLANG_WARN_DEPRECATED_OBJC_IMPLEMENTATIONS = YES;
				CLANG_WARN_DIRECT_OBJC_ISA_USAGE = YES_ERROR;
				CLANG_WARN_DOCUMENTATION_COMMENTS = YES;
				CLANG_WARN_EMPTY_BODY = YES;
				CLANG_WARN_ENUM_CONVERSION = YES;
				CLANG_WARN_INFINITE_RECURSION = YES;
				CLANG_WARN_INT_CONVERSION = YES;
				CLANG_WARN_NON_LITERAL_NULL_CONVERSION = YES;
				CLANG_WARN_OBJC_IMPLICIT_RETAIN_SELF = YES;
				CLANG_WARN_OBJC_LITERAL_CONVERSION = YES;
				CLANG_WARN_OBJC_ROOT_CLASS = YES_ERROR;
				CLANG_WARN_QUOTED_INCLUDE_IN_FRAMEWORK_HEADER = YES;
				CLANG_WARN_RANGE_LOOP_ANALYSIS = YES;
				CLANG_WARN_STRICT_PROTOTYPES = YES;
				CLANG_WARN_SUSPICIOUS_MOVE = YES;
				CLANG_WARN_UNGUARDED_AVAILABILITY = YES_AGGRESSIVE;
				CLANG_WARN_UNREACHABLE_CODE = YES;
				CLANG_WARN__DUPLICATE_METHOD_MATCH = YES;
				COPY_PHASE_STRIP = NO;
				DEBUG_INFORMATION_FORMAT = dwarf;
				ENABLE_STRICT_OBJC_MSGSEND = YES;
				ENABLE_TESTABILITY = YES;
				GCC_C_LANGUAGE_STANDARD = gnu11;
				GCC_DYNAMIC_NO_PIC = NO;
				GCC_NO_COMMON_BLOCKS = YES;
				GCC_OPTIMIZATION_LEVEL = 0;
				GCC_PREPROCESSOR_DEFINITIONS = (
					"DEBUG=1",
					"$(inherited)",
				);
				GCC_WARN_64_TO_32_BIT_CONVERSION = YES;
				GCC_WARN_ABOUT_RETURN_TYPE = YES_ERROR;
				GCC_WARN_UNDECLARED_SELECTOR = YES;
				GCC_WARN_UNINITIALIZED_AUTOS = YES_AGGRESSIVE;
				GCC_WARN_UNUSED_FUNCTION = YES;
				GCC_WARN_UNUSED_VARIABLE = YES;
				MACOSX_DEPLOYMENT_TARGET = 13.0;
				MTL_ENABLE_DEBUG_INFO = INCLUDE_SOURCE;
				MTL_FAST_MATH = YES;
				ONLY_ACTIVE_ARCH = YES;
				SDKROOT = macosx;
				SWIFT_ACTIVE_COMPILATION_CONDITIONS = DEBUG;
				SWIFT_OPTIMIZATION_LEVEL = "-Onone";
			};
			name = Debug;
		};
		1EE25A3C291D2AF200F2A038 /* Release */ = {
			isa = XCBuildConfiguration;
			buildSettings = {
				ALWAYS_SEARCH_USER_PATHS = NO;
				CLANG_ANALYZER_NONNULL = YES;
				CLANG_ANALYZER_NUMBER_OBJECT_CONVERSION = YES_AGGRESSIVE;
				CLANG_CXX_LANGUAGE_STANDARD = "gnu++20";
				CLANG_ENABLE_MODULES = YES;
				CLANG_ENABLE_OBJC_ARC = YES;
				CLANG_ENABLE_OBJC_WEAK = YES;
				CLANG_WARN_BLOCK_CAPTURE_AUTORELEASING = YES;
				CLANG_WARN_BOOL_CONVERSION = YES;
				CLANG_WARN_COMMA = YES;
				CLANG_WARN_CONSTANT_CONVERSION = YES;
				CLANG_WARN_DEPRECATED_OBJC_IMPLEMENTATIONS = YES;
				CLANG_WARN_DIRECT_OBJC_ISA_USAGE = YES_ERROR;
				CLANG_WARN_DOCUMENTATION_COMMENTS = YES;
				CLANG_WARN_EMPTY_BODY = YES;
				CLANG_WARN_ENUM_CONVERSION = YES;
				CLANG_WARN_INFINITE_RECURSION = YES;
				CLANG_WARN_INT_CONVERSION = YES;
				CLANG_WARN_NON_LITERAL_NULL_CONVERSION = YES;
				CLANG_WARN_OBJC_IMPLICIT_RETAIN_SELF = YES;
				CLANG_WARN_OBJC_LITERAL_CONVERSION = YES;
				CLANG_WARN_OBJC_ROOT_CLASS = YES_ERROR;
				CLANG_WARN_QUOTED_INCLUDE_IN_FRAMEWORK_HEADER = YES;
				CLANG_WARN_RANGE_LOOP_ANALYSIS = YES;
				CLANG_WARN_STRICT_PROTOTYPES = YES;
				CLANG_WARN_SUSPICIOUS_MOVE = YES;
				CLANG_WARN_UNGUARDED_AVAILABILITY = YES_AGGRESSIVE;
				CLANG_WARN_UNREACHABLE_CODE = YES;
				CLANG_WARN__DUPLICATE_METHOD_MATCH = YES;
				COPY_PHASE_STRIP = NO;
				DEBUG_INFORMATION_FORMAT = "dwarf-with-dsym";
				ENABLE_NS_ASSERTIONS = NO;
				ENABLE_STRICT_OBJC_MSGSEND = YES;
				GCC_C_LANGUAGE_STANDARD = gnu11;
				GCC_NO_COMMON_BLOCKS = YES;
				GCC_WARN_64_TO_32_BIT_CONVERSION = YES;
				GCC_WARN_ABOUT_RETURN_TYPE = YES_ERROR;
				GCC_WARN_UNDECLARED_SELECTOR = YES;
				GCC_WARN_UNINITIALIZED_AUTOS = YES_AGGRESSIVE;
				GCC_WARN_UNUSED_FUNCTION = YES;
				GCC_WARN_UNUSED_VARIABLE = YES;
				MACOSX_DEPLOYMENT_TARGET = 13.0;
				MTL_ENABLE_DEBUG_INFO = NO;
				MTL_FAST_MATH = YES;
				SDKROOT = macosx;
				SWIFT_COMPILATION_MODE = wholemodule;
				SWIFT_OPTIMIZATION_LEVEL = "-O";
			};
			name = Release;
		};
		1EE25A3E291D2AF200F2A038 /* Debug */ = {
			isa = XCBuildConfiguration;
			buildSettings = {
				ASSETCATALOG_COMPILER_APPICON_NAME = AppIcon;
				ASSETCATALOG_COMPILER_GLOBAL_ACCENT_COLOR_NAME = AccentColor;
				CODE_SIGN_ENTITLEMENTS = ticker/ticker.entitlements;
				CODE_SIGN_STYLE = Automatic;
				COMBINE_HIDPI_IMAGES = YES;
				CURRENT_PROJECT_VERSION = 1;
				DEVELOPMENT_ASSET_PATHS = "\"ticker/Preview Content\"";
				DEVELOPMENT_TEAM = A44UN86BN6;
				ENABLE_HARDENED_RUNTIME = YES;
				ENABLE_PREVIEWS = YES;
				GCC_OPTIMIZATION_LEVEL = 3;
				GENERATE_INFOPLIST_FILE = YES;
				INFOPLIST_FILE = ticker/Info.plist;
				INFOPLIST_KEY_LSApplicationCategoryType = "";
				INFOPLIST_KEY_LSUIElement = YES;
				INFOPLIST_KEY_NSHumanReadableCopyright = "";
				LD_RUNPATH_SEARCH_PATHS = (
					"$(inherited)",
					"@executable_path/../Frameworks",
				);
				MACOSX_DEPLOYMENT_TARGET = 14.0;
				MARKETING_VERSION = 1.0;
				PRODUCT_BUNDLE_IDENTIFIER = chris.ticker;
				PRODUCT_NAME = "$(TARGET_NAME)";
				SWIFT_EMIT_LOC_STRINGS = YES;
				SWIFT_VERSION = 5.0;
			};
			name = Debug;
		};
		1EE25A3F291D2AF200F2A038 /* Release */ = {
			isa = XCBuildConfiguration;
			buildSettings = {
				ASSETCATALOG_COMPILER_APPICON_NAME = AppIcon;
				ASSETCATALOG_COMPILER_GLOBAL_ACCENT_COLOR_NAME = AccentColor;
				CODE_SIGN_ENTITLEMENTS = ticker/ticker.entitlements;
				CODE_SIGN_STYLE = Automatic;
				COMBINE_HIDPI_IMAGES = YES;
				CURRENT_PROJECT_VERSION = 1;
				DEVELOPMENT_ASSET_PATHS = "\"ticker/Preview Content\"";
				DEVELOPMENT_TEAM = A44UN86BN6;
				ENABLE_HARDENED_RUNTIME = YES;
				ENABLE_PREVIEWS = YES;
				GENERATE_INFOPLIST_FILE = YES;
				INFOPLIST_FILE = ticker/Info.plist;
				INFOPLIST_KEY_LSApplicationCategoryType = "";
				INFOPLIST_KEY_LSUIElement = YES;
				INFOPLIST_KEY_NSHumanReadableCopyright = "";
				LD_RUNPATH_SEARCH_PATHS = (
					"$(inherited)",
					"@executable_path/../Frameworks",
				);
				MACOSX_DEPLOYMENT_TARGET = 14.0;
				MARKETING_VERSION = 1.0;
				PRODUCT_BUNDLE_IDENTIFIER = chris.ticker;
				PRODUCT_NAME = "$(TARGET_NAME)";
				SWIFT_EMIT_LOC_STRINGS = YES;
				SWIFT_VERSION = 5.0;
			};
			name = Release;
		};
/* End XCBuildConfiguration section */

/* Begin XCConfigurationList section */
		1EE25A29291D2AF100F2A038 /* Build configuration list for PBXProject "ticker" */ = {
			isa = XCConfigurationList;
			buildConfigurations = (
				1EE25A3B291D2AF200F2A038 /* Debug */,
				1EE25A3C291D2AF200F2A038 /* Release */,
			);
			defaultConfigurationIsVisible = 0;
			defaultConfigurationName = Release;
		};
		1EE25A3D291D2AF200F2A038 /* Build configuration list for PBXNativeTarget "ticker" */ = {
			isa = XCConfigurationList;
			buildConfigurations = (
				1EE25A3E291D2AF200F2A038 /* Debug */,
				1EE25A3F291D2AF200F2A038 /* Release */,
			);
			defaultConfigurationIsVisible = 0;
			defaultConfigurationName = Release;
		};
/* End XCConfigurationList section */

/* Begin XCRemoteSwiftPackageReference section */
		1EE25A40291D2BBA00F2A038 /* XCRemoteSwiftPackageReference "HotKey" */ = {
			isa = XCRemoteSwiftPackageReference;
			repositoryURL = "https://github.com/soffes/HotKey";
			requirement = {
				branch = master;
				kind = branch;
			};
		};
		1EF1D5512D3043E10099D972 /* XCRemoteSwiftPackageReference "firebase-ios-sdk" */ = {
			isa = XCRemoteSwiftPackageReference;
			repositoryURL = "https://github.com/firebase/firebase-ios-sdk";
			requirement = {
				kind = upToNextMajorVersion;
				minimumVersion = 11.6.0;
			};
		};
/* End XCRemoteSwiftPackageReference section */

/* Begin XCSwiftPackageProductDependency section */
		1EE25A41291D2BBA00F2A038 /* HotKey */ = {
			isa = XCSwiftPackageProductDependency;
			package = 1EE25A40291D2BBA00F2A038 /* XCRemoteSwiftPackageReference "HotKey" */;
			productName = HotKey;
		};
		1EF1D5522D3043E10099D972 /* FirebaseAuth */ = {
			isa = XCSwiftPackageProductDependency;
			package = 1EF1D5512D3043E10099D972 /* XCRemoteSwiftPackageReference "firebase-ios-sdk" */;
			productName = FirebaseAuth;
		};
		1EF1D5542D3043E10099D972 /* FirebaseCore */ = {
			isa = XCSwiftPackageProductDependency;
			package = 1EF1D5512D3043E10099D972 /* XCRemoteSwiftPackageReference "firebase-ios-sdk" */;
			productName = FirebaseCore;
		};
		1EF1D5562D3043E10099D972 /* FirebaseDatabase */ = {
			isa = XCSwiftPackageProductDependency;
			package = 1EF1D5512D3043E10099D972 /* XCRemoteSwiftPackageReference "firebase-ios-sdk" */;
			productName = FirebaseDatabase;
		};
/* End XCSwiftPackageProductDependency section */
	};
	rootObject = 1EE25A26291D2AF100F2A038 /* Project object */;
}
